github.com/CahBantul/go-say-hello v1.0.0 h1:LWC40pB0muTQD4HuVM4/icIBnX6SjLS9ifT4GFvVUMU=
github.com/CahBantul/go-say-hello v1.0.0/go.mod h1:f4CNk3IRAU/VMPfGbTwB2DrsIsK40gojh/WUwlFzqlc=
github.com/CahBantul/go-say-hello v1.5.0 h1:9Rwrjmh4AAvx4zBph7/DSvF5QDRoPXtjCZIsZX0PaD8=
github.com/CahBantul/go-say-hello v1.5.0/go.mod h1:f4CNk3IRAU/VMPfGbTwB2DrsIsK40gojh/WUwlFzqlc=
